// !$*UTF8*$!
{
	archiveVersion = 1;
	classes = {
	};
	objectVersion = 55;
	objects = {

/* Begin PBXBuildFile section */
		EC3447952714F43700BC7269 /* Session.swift in Sources */ = {isa = PBXBuildFile; fileRef = EC3447942714F43700BC7269 /* Session.swift */; };
		EC34479727150A7600BC7269 /* MainScreenTableViewController.swift in Sources */ = {isa = PBXBuildFile; fileRef = EC34479627150A7600BC7269 /* MainScreenTableViewController.swift */; };
		EC6AE8652714EBEB005DA858 /* AppDelegate.swift in Sources */ = {isa = PBXBuildFile; fileRef = EC6AE8642714EBEB005DA858 /* AppDelegate.swift */; };
		EC6AE8672714EBEB005DA858 /* SceneDelegate.swift in Sources */ = {isa = PBXBuildFile; fileRef = EC6AE8662714EBEB005DA858 /* SceneDelegate.swift */; };
		EC6AE8692714EBEB005DA858 /* LoginViewController.swift in Sources */ = {isa = PBXBuildFile; fileRef = EC6AE8682714EBEB005DA858 /* LoginViewController.swift */; };
		EC6AE86C2714EBEB005DA858 /* Main.storyboard in Resources */ = {isa = PBXBuildFile; fileRef = EC6AE86A2714EBEB005DA858 /* Main.storyboard */; };
		EC6AE86E2714EBED005DA858 /* Assets.xcassets in Resources */ = {isa = PBXBuildFile; fileRef = EC6AE86D2714EBED005DA858 /* Assets.xcassets */; };
		EC6AE8712714EBED005DA858 /* LaunchScreen.storyboard in Resources */ = {isa = PBXBuildFile; fileRef = EC6AE86F2714EBED005DA858 /* LaunchScreen.storyboard */; };
/* End PBXBuildFile section */

/* Begin PBXFileReference section */
		EC3447942714F43700BC7269 /* Session.swift */ = {isa = PBXFileReference; lastKnownFileType = sourcecode.swift; path = Session.swift; sourceTree = "<group>"; };
		EC34479627150A7600BC7269 /* MainScreenTableViewController.swift */ = {isa = PBXFileReference; lastKnownFileType = sourcecode.swift; path = MainScreenTableViewController.swift; sourceTree = "<group>"; };
		EC6AE8612714EBEB005DA858 /* TestTask-1.app */ = {isa = PBXFileReference; explicitFileType = wrapper.application; includeInIndex = 0; path = "TestTask-1.app"; sourceTree = BUILT_PRODUCTS_DIR; };
		EC6AE8642714EBEB005DA858 /* AppDelegate.swift */ = {isa = PBXFileReference; lastKnownFileType = sourcecode.swift; path = AppDelegate.swift; sourceTree = "<group>"; };
		EC6AE8662714EBEB005DA858 /* SceneDelegate.swift */ = {isa = PBXFileReference; lastKnownFileType = sourcecode.swift; path = SceneDelegate.swift; sourceTree = "<group>"; };
		EC6AE8682714EBEB005DA858 /* LoginViewController.swift */ = {isa = PBXFileReference; lastKnownFileType = sourcecode.swift; path = LoginViewController.swift; sourceTree = "<group>"; };
		EC6AE86B2714EBEB005DA858 /* Base */ = {isa = PBXFileReference; lastKnownFileType = file.storyboard; name = Base; path = Base.lproj/Main.storyboard; sourceTree = "<group>"; };
		EC6AE86D2714EBED005DA858 /* Assets.xcassets */ = {isa = PBXFileReference; lastKnownFileType = folder.assetcatalog; path = Assets.xcassets; sourceTree = "<group>"; };
		EC6AE8702714EBED005DA858 /* Base */ = {isa = PBXFileReference; lastKnownFileType = file.storyboard; name = Base; path = Base.lproj/LaunchScreen.storyboard; sourceTree = "<group>"; };
		EC6AE8722714EBED005DA858 /* Info.plist */ = {isa = PBXFileReference; lastKnownFileType = text.plist.xml; path = Info.plist; sourceTree = "<group>"; };
/* End PBXFileReference section */

/* Begin PBXFrameworksBuildPhase section */
		EC6AE85E2714EBEB005DA858 /* Frameworks */ = {
			isa = PBXFrameworksBuildPhase;
			buildActionMask = 2147483647;
			files = (
			);
			runOnlyForDeploymentPostprocessing = 0;
		};
/* End PBXFrameworksBuildPhase section */

/* Begin PBXGroup section */
		EC3447902714F1F200BC7269 /* Resources */ = {
			isa = PBXGroup;
			children = (
				EC6AE86A2714EBEB005DA858 /* Main.storyboard */,
				EC6AE86D2714EBED005DA858 /* Assets.xcassets */,
				EC6AE86F2714EBED005DA858 /* LaunchScreen.storyboard */,
				EC6AE8722714EBED005DA858 /* Info.plist */,
			);
			path = Resources;
			sourceTree = "<group>";
		};
		EC3447912714F26300BC7269 /* App */ = {
			isa = PBXGroup;
			children = (
				EC6AE8642714EBEB005DA858 /* AppDelegate.swift */,
				EC6AE8662714EBEB005DA858 /* SceneDelegate.swift */,
			);
			path = App;
			sourceTree = "<group>";
		};
		EC3447922714F39500BC7269 /* Modules */ = {
			isa = PBXGroup;
			children = (
				EC6AE8682714EBEB005DA858 /* LoginViewController.swift */,
				EC34479627150A7600BC7269 /* MainScreenTableViewController.swift */,
			);
			path = Modules;
			sourceTree = "<group>";
		};
		EC3447932714F3C500BC7269 /* Services */ = {
			isa = PBXGroup;
			children = (
				EC3447942714F43700BC7269 /* Session.swift */,
			);
			path = Services;
			sourceTree = "<group>";
		};
		EC6AE8582714EBEB005DA858 = {
			isa = PBXGroup;
			children = (
				EC6AE8632714EBEB005DA858 /* TestTask-1 */,
				EC6AE8622714EBEB005DA858 /* Products */,
			);
			sourceTree = "<group>";
		};
		EC6AE8622714EBEB005DA858 /* Products */ = {
			isa = PBXGroup;
			children = (
				EC6AE8612714EBEB005DA858 /* TestTask-1.app */,
			);
			name = Products;
			sourceTree = "<group>";
		};
		EC6AE8632714EBEB005DA858 /* TestTask-1 */ = {
			isa = PBXGroup;
			children = (
				EC3447922714F39500BC7269 /* Modules */,
				EC3447912714F26300BC7269 /* App */,
				EC3447902714F1F200BC7269 /* Resources */,
				EC3447932714F3C500BC7269 /* Services */,
			);
			path = "TestTask-1";
			sourceTree = "<group>";
		};
/* End PBXGroup section */

/* Begin PBXNativeTarget section */
		EC6AE8602714EBEB005DA858 /* TestTask-1 */ = {
			isa = PBXNativeTarget;
			buildConfigurationList = EC6AE8752714EBED005DA858 /* Build configuration list for PBXNativeTarget "TestTask-1" */;
			buildPhases = (
				EC6AE85D2714EBEB005DA858 /* Sources */,
				EC6AE85E2714EBEB005DA858 /* Frameworks */,
				EC6AE85F2714EBEB005DA858 /* Resources */,
			);
			buildRules = (
			);
			dependencies = (
			);
			name = "TestTask-1";
			productName = "TestTask-1";
			productReference = EC6AE8612714EBEB005DA858 /* TestTask-1.app */;
			productType = "com.apple.product-type.application";
		};
/* End PBXNativeTarget section */

/* Begin PBXProject section */
		EC6AE8592714EBEB005DA858 /* Project object */ = {
			isa = PBXProject;
			attributes = {
				BuildIndependentTargetsInParallel = 1;
				LastSwiftUpdateCheck = 1300;
				LastUpgradeCheck = 1300;
				TargetAttributes = {
					EC6AE8602714EBEB005DA858 = {
						CreatedOnToolsVersion = 13.0;
					};
				};
			};
			buildConfigurationList = EC6AE85C2714EBEB005DA858 /* Build configuration list for PBXProject "TestTask-1" */;
			compatibilityVersion = "Xcode 13.0";
			developmentRegion = en;
			hasScannedForEncodings = 0;
			knownRegions = (
				en,
				Base,
			);
			mainGroup = EC6AE8582714EBEB005DA858;
			productRefGroup = EC6AE8622714EBEB005DA858 /* Products */;
			projectDirPath = "";
			projectRoot = "";
			targets = (
				EC6AE8602714EBEB005DA858 /* TestTask-1 */,
			);
		};
/* End PBXProject section */

/* Begin PBXResourcesBuildPhase section */
		EC6AE85F2714EBEB005DA858 /* Resources */ = {
			isa = PBXResourcesBuildPhase;
			buildActionMask = 2147483647;
			files = (
				EC6AE8712714EBED005DA858 /* LaunchScreen.storyboard in Resources */,
				EC6AE86E2714EBED005DA858 /* Assets.xcassets in Resources */,
				EC6AE86C2714EBEB005DA858 /* Main.storyboard in Resources */,
			);
			runOnlyForDeploymentPostprocessing = 0;
		};
/* End PBXResourcesBuildPhase section */

/* Begin PBXSourcesBuildPhase section */
		EC6AE85D2714EBEB005DA858 /* Sources */ = {
			isa = PBXSourcesBuildPhase;
			buildActionMask = 2147483647;
			files = (
				EC3447952714F43700BC7269 /* Session.swift in Sources */,
				EC34479727150A7600BC7269 /* MainScreenTableViewController.swift in Sources */,
				EC6AE8692714EBEB005DA858 /* LoginViewController.swift in Sources */,
				EC6AE8652714EBEB005DA858 /* AppDelegate.swift in Sources */,
				EC6AE8672714EBEB005DA858 /* SceneDelegate.swift in Sources */,
			);
			runOnlyForDeploymentPostprocessing = 0;
		};
/* End PBXSourcesBuildPhase section */

/* Begin PBXVariantGroup section */
		EC6AE86A2714EBEB005DA858 /* Main.storyboard */ = {
			isa = PBXVariantGroup;
			children = (
				EC6AE86B2714EBEB005DA858 /* Base */,
			);
			name = Main.storyboard;
			sourceTree = "<group>";
		};
		EC6AE86F2714EBED005DA858 /* LaunchScreen.storyboard */ = {
			isa = PBXVariantGroup;
			children = (
				EC6AE8702714EBED005DA858 /* Base */,
			);
			name = LaunchScreen.storyboard;
			sourceTree = "<group>";
		};
/* End PBXVariantGroup section */

/* Begin XCBuildConfiguration section */
		EC6AE8732714EBED005DA858 /* Debug */ = {
			isa = XCBuildConfiguration;
			buildSettings = {
				ALWAYS_SEARCH_USER_PATHS = NO;
				CLANG_ANALYZER_NONNULL = YES;
				CLANG_ANALYZER_NUMBER_OBJECT_CONVERSION = YES_AGGRESSIVE;
				CLANG_CXX_LANGUAGE_STANDARD = "gnu++17";
				CLANG_CXX_LIBRARY = "libc++";
				CLANG_ENABLE_MODULES = YES;
				CLANG_ENABLE_OBJC_ARC = YES;
				CLANG_ENABLE_OBJC_WEAK = YES;
				CLANG_WARN_BLOCK_CAPTURE_AUTORELEASING = YES;
				CLANG_WARN_BOOL_CONVERSION = YES;
				CLANG_WARN_COMMA = YES;
				CLANG_WARN_CONSTANT_CONVERSION = YES;
				CLANG_WARN_DEPRECATED_OBJC_IMPLEMENTATIONS = YES;
				CLANG_WARN_DIRECT_OBJC_ISA_USAGE = YES_ERROR;
				CLANG_WARN_DOCUMENTATION_COMMENTS = YES;
				CLANG_WARN_EMPTY_BODY = YES;
				CLANG_WARN_ENUM_CONVERSION = YES;
				CLANG_WARN_INFINITE_RECURSION = YES;
				CLANG_WARN_INT_CONVERSION = YES;
				CLANG_WARN_NON_LITERAL_NULL_CONVERSION = YES;
				CLANG_WARN_OBJC_IMPLICIT_RETAIN_SELF = YES;
				CLANG_WARN_OBJC_LITERAL_CONVERSION = YES;
				CLANG_WARN_OBJC_ROOT_CLASS = YES_ERROR;
				CLANG_WARN_QUOTED_INCLUDE_IN_FRAMEWORK_HEADER = YES;
				CLANG_WARN_RANGE_LOOP_ANALYSIS = YES;
				CLANG_WARN_STRICT_PROTOTYPES = YES;
				CLANG_WARN_SUSPICIOUS_MOVE = YES;
				CLANG_WARN_UNGUARDED_AVAILABILITY = YES_AGGRESSIVE;
				CLANG_WARN_UNREACHABLE_CODE = YES;
				CLANG_WARN__DUPLICATE_METHOD_MATCH = YES;
				COPY_PHASE_STRIP = NO;
				DEBUG_INFORMATION_FORMAT = dwarf;
				ENABLE_STRICT_OBJC_MSGSEND = YES;
				ENABLE_TESTABILITY = YES;
				GCC_C_LANGUAGE_STANDARD = gnu11;
				GCC_DYNAMIC_NO_PIC = NO;
				GCC_NO_COMMON_BLOCKS = YES;
				GCC_OPTIMIZATION_LEVEL = 0;
				GCC_PREPROCESSOR_DEFINITIONS = (
					"DEBUG=1",
					"$(inherited)",
				);
				GCC_WARN_64_TO_32_BIT_CONVERSION = YES;
				GCC_WARN_ABOUT_RETURN_TYPE = YES_ERROR;
				GCC_WARN_UNDECLARED_SELECTOR = YES;
				GCC_WARN_UNINITIALIZED_AUTOS = YES_AGGRESSIVE;
				GCC_WARN_UNUSED_FUNCTION = YES;
				GCC_WARN_UNUSED_VARIABLE = YES;
				IPHONEOS_DEPLOYMENT_TARGET = 15.0;
				MTL_ENABLE_DEBUG_INFO = INCLUDE_SOURCE;
				MTL_FAST_MATH = YES;
				ONLY_ACTIVE_ARCH = YES;
				SDKROOT = iphoneos;
				SWIFT_ACTIVE_COMPILATION_CONDITIONS = DEBUG;
				SWIFT_OPTIMIZATION_LEVEL = "-Onone";
			};
			name = Debug;
		};
		EC6AE8742714EBED005DA858 /* Release */ = {
			isa = XCBuildConfiguration;
			buildSettings = {
				ALWAYS_SEARCH_USER_PATHS = NO;
				CLANG_ANALYZER_NONNULL = YES;
				CLANG_ANALYZER_NUMBER_OBJECT_CONVERSION = YES_AGGRESSIVE;
				CLANG_CXX_LANGUAGE_STANDARD = "gnu++17";
				CLANG_CXX_LIBRARY = "libc++";
				CLANG_ENABLE_MODULES = YES;
				CLANG_ENABLE_OBJC_ARC = YES;
				CLANG_ENABLE_OBJC_WEAK = YES;
				CLANG_WARN_BLOCK_CAPTURE_AUTORELEASING = YES;
				CLANG_WARN_BOOL_CONVERSION = YES;
				CLANG_WARN_COMMA = YES;
				CLANG_WARN_CONSTANT_CONVERSION = YES;
				CLANG_WARN_DEPRECATED_OBJC_IMPLEMENTATIONS = YES;
				CLANG_WARN_DIRECT_OBJC_ISA_USAGE = YES_ERROR;
				CLANG_WARN_DOCUMENTATION_COMMENTS = YES;
				CLANG_WARN_EMPTY_BODY = YES;
				CLANG_WARN_ENUM_CONVERSION = YES;
				CLANG_WARN_INFINITE_RECURSION = YES;
				CLANG_WARN_INT_CONVERSION = YES;
				CLANG_WARN_NON_LITERAL_NULL_CONVERSION = YES;
				CLANG_WARN_OBJC_IMPLICIT_RETAIN_SELF = YES;
				CLANG_WARN_OBJC_LITERAL_CONVERSION = YES;
				CLANG_WARN_OBJC_ROOT_CLASS = YES_ERROR;
				CLANG_WARN_QUOTED_INCLUDE_IN_FRAMEWORK_HEADER = YES;
				CLANG_WARN_RANGE_LOOP_ANALYSIS = YES;
				CLANG_WARN_STRICT_PROTOTYPES = YES;
				CLANG_WARN_SUSPICIOUS_MOVE = YES;
				CLANG_WARN_UNGUARDED_AVAILABILITY = YES_AGGRESSIVE;
				CLANG_WARN_UNREACHABLE_CODE = YES;
				CLANG_WARN__DUPLICATE_METHOD_MATCH = YES;
				COPY_PHASE_STRIP = NO;
				DEBUG_INFORMATION_FORMAT = "dwarf-with-dsym";
				ENABLE_NS_ASSERTIONS = NO;
				ENABLE_STRICT_OBJC_MSGSEND = YES;
				GCC_C_LANGUAGE_STANDARD = gnu11;
				GCC_NO_COMMON_BLOCKS = YES;
				GCC_WARN_64_TO_32_BIT_CONVERSION = YES;
				GCC_WARN_ABOUT_RETURN_TYPE = YES_ERROR;
				GCC_WARN_UNDECLARED_SELECTOR = YES;
				GCC_WARN_UNINITIALIZED_AUTOS = YES_AGGRESSIVE;
				GCC_WARN_UNUSED_FUNCTION = YES;
				GCC_WARN_UNUSED_VARIABLE = YES;
				IPHONEOS_DEPLOYMENT_TARGET = 15.0;
				MTL_ENABLE_DEBUG_INFO = NO;
				MTL_FAST_MATH = YES;
				SDKROOT = iphoneos;
				SWIFT_COMPILATION_MODE = wholemodule;
				SWIFT_OPTIMIZATION_LEVEL = "-O";
				VALIDATE_PRODUCT = YES;
			};
			name = Release;
		};
		EC6AE8762714EBED005DA858 /* Debug */ = {
			isa = XCBuildConfiguration;
			buildSettings = {
				ASSETCATALOG_COMPILER_APPICON_NAME = AppIcon;
				ASSETCATALOG_COMPILER_GLOBAL_ACCENT_COLOR_NAME = AccentColor;
				CODE_SIGN_STYLE = Automatic;
				CURRENT_PROJECT_VERSION = 1;
				GENERATE_INFOPLIST_FILE = YES;
				INFOPLIST_FILE = "TestTask-1/Resources/Info.plist";
				INFOPLIST_KEY_UIApplicationSupportsIndirectInputEvents = YES;
				INFOPLIST_KEY_UILaunchStoryboardName = LaunchScreen;
				INFOPLIST_KEY_UIMainStoryboardFile = Main;
				INFOPLIST_KEY_UISupportedInterfaceOrientations_iPad = "UIInterfaceOrientationPortrait UIInterfaceOrientationPortraitUpsideDown UIInterfaceOrientationLandscapeLeft UIInterfaceOrientationLandscapeRight";
				INFOPLIST_KEY_UISupportedInterfaceOrientations_iPhone = "UIInterfaceOrientationPortrait UIInterfaceOrientationLandscapeLeft UIInterfaceOrientationLandscapeRight";
				LD_RUNPATH_SEARCH_PATHS = (
					"$(inherited)",
					"@executable_path/Frameworks",
				);
				MARKETING_VERSION = 1.0;
				PRODUCT_BUNDLE_IDENTIFIER = "com.sergey.TestTask-1";
				PRODUCT_NAME = "$(TARGET_NAME)";
				SWIFT_EMIT_LOC_STRINGS = YES;
				SWIFT_VERSION = 5.0;
				TARGETED_DEVICE_FAMILY = "1,2";
			};
			name = Debug;
		};
		EC6AE8772714EBED005DA858 /* Release */ = {
			isa = XCBuildConfiguration;
			buildSettings = {
				ASSETCATALOG_COMPILER_APPICON_NAME = AppIcon;
				ASSETCATALOG_COMPILER_GLOBAL_ACCENT_COLOR_NAME = AccentColor;
				CODE_SIGN_STYLE = Automatic;
				CURRENT_PROJECT_VERSION = 1;
				GENERATE_INFOPLIST_FILE = YES;
				INFOPLIST_FILE = "TestTask-1/Resources/Info.plist";
				INFOPLIST_KEY_UIApplicationSupportsIndirectInputEvents = YES;
				INFOPLIST_KEY_UILaunchStoryboardName = LaunchScreen;
				INFOPLIST_KEY_UIMainStoryboardFile = Main;
				INFOPLIST_KEY_UISupportedInterfaceOrientations_iPad = "UIInterfaceOrientationPortrait UIInterfaceOrientationPortraitUpsideDown UIInterfaceOrientationLandscapeLeft UIInterfaceOrientationLandscapeRight";
				INFOPLIST_KEY_UISupportedInterfaceOrientations_iPhone = "UIInterfaceOrientationPortrait UIInterfaceOrientationLandscapeLeft UIInterfaceOrientationLandscapeRight";
				LD_RUNPATH_SEARCH_PATHS = (
					"$(inherited)",
					"@executable_path/Frameworks",
				);
				MARKETING_VERSION = 1.0;
				PRODUCT_BUNDLE_IDENTIFIER = "com.sergey.TestTask-1";
				PRODUCT_NAME = "$(TARGET_NAME)";
				SWIFT_EMIT_LOC_STRINGS = YES;
				SWIFT_VERSION = 5.0;
				TARGETED_DEVICE_FAMILY = "1,2";
			};
			name = Release;
		};
/* End XCBuildConfiguration section */

/* Begin XCConfigurationList section */
		EC6AE85C2714EBEB005DA858 /* Build configuration list for PBXProject "TestTask-1" */ = {
			isa = XCConfigurationList;
			buildConfigurations = (
				EC6AE8732714EBED005DA858 /* Debug */,
				EC6AE8742714EBED005DA858 /* Release */,
			);
			defaultConfigurationIsVisible = 0;
			defaultConfigurationName = Release;
		};
		EC6AE8752714EBED005DA858 /* Build configuration list for PBXNativeTarget "TestTask-1" */ = {
			isa = XCConfigurationList;
			buildConfigurations = (
				EC6AE8762714EBED005DA858 /* Debug */,
				EC6AE8772714EBED005DA858 /* Release */,
			);
			defaultConfigurationIsVisible = 0;
			defaultConfigurationName = Release;
		};
/* End XCConfigurationList section */
	};
	rootObject = EC6AE8592714EBEB005DA858 /* Project object */;
}
